
Microsoft Visual Studio Solution File, Format Version 12.00
# Visual Studio Version 17
VisualStudioVersion = 17.1.32228.430
MinimumVisualStudioVersion = 10.0.40219.1
Project("{9A19103F-16F7-4668-BE54-9A1E7A4F7556}") = "Domain", "Domain\Domain.csproj", "{80175C17-49AA-4AD4-80EE-F1B39380DDF2}"
EndProject
Project("{9A19103F-16F7-4668-BE54-9A1E7A4F7556}") = "Infrastructure", "Infrastructure\Infrastructure.csproj", "{47A99600-DA80-4FAE-B09C-2F0F462F3B38}"
EndProject
Project("{9A19103F-16F7-4668-BE54-9A1E7A4F7556}") = "UserCommandApi", "UserCommandApi\UserCommandApi.csproj", "{CD76CF66-9222-4596-9C9D-252759C68410}"
EndProject
Project("{9A19103F-16F7-4668-BE54-9A1E7A4F7556}") = "Application", "Application\Application.csproj", "{D6DECD99-6351-40AB-8F04-FCB464B34979}"
EndProject
Project("{FAE04EC0-301F-11D3-BF4B-00C04F79EFBC}") = "UserQueryApi", "UserQueryApi\UserQueryApi.csproj", "{6E1C27D3-A8F4-4BF6-9C3E-A011DC62F482}"
EndProject
Global
	GlobalSection(SolutionConfigurationPlatforms) = preSolution
		Debug|Any CPU = Debug|Any CPU
		Release|Any CPU = Release|Any CPU
	EndGlobalSection
	GlobalSection(ProjectConfigurationPlatforms) = postSolution
		{80175C17-49AA-4AD4-80EE-F1B39380DDF2}.Debug|Any CPU.ActiveCfg = Debug|Any CPU
		{80175C17-49AA-4AD4-80EE-F1B39380DDF2}.Debug|Any CPU.Build.0 = Debug|Any CPU
		{80175C17-49AA-4AD4-80EE-F1B39380DDF2}.Release|Any CPU.ActiveCfg = Release|Any CPU
		{80175C17-49AA-4AD4-80EE-F1B39380DDF2}.Release|Any CPU.Build.0 = Release|Any CPU
		{47A99600-DA80-4FAE-B09C-2F0F462F3B38}.Debug|Any CPU.ActiveCfg = Debug|Any CPU
		{47A99600-DA80-4FAE-B09C-2F0F462F3B38}.Debug|Any CPU.Build.0 = Debug|Any CPU
		{47A99600-DA80-4FAE-B09C-2F0F462F3B38}.Release|Any CPU.ActiveCfg = Release|Any CPU
		{47A99600-DA80-4FAE-B09C-2F0F462F3B38}.Release|Any CPU.Build.0 = Release|Any CPU
		{CD76CF66-9222-4596-9C9D-252759C68410}.Debug|Any CPU.ActiveCfg = Debug|Any CPU
		{CD76CF66-9222-4596-9C9D-252759C68410}.Debug|Any CPU.Build.0 = Debug|Any CPU
		{CD76CF66-9222-4596-9C9D-252759C68410}.Release|Any CPU.ActiveCfg = Release|Any CPU
		{CD76CF66-9222-4596-9C9D-252759C68410}.Release|Any CPU.Build.0 = Release|Any CPU
		{D6DECD99-6351-40AB-8F04-FCB464B34979}.Debug|Any CPU.ActiveCfg = Debug|Any CPU
		{D6DECD99-6351-40AB-8F04-FCB464B34979}.Debug|Any CPU.Build.0 = Debug|Any CPU
		{D6DECD99-6351-40AB-8F04-FCB464B34979}.Release|Any CPU.ActiveCfg = Release|Any CPU
		{D6DECD99-6351-40AB-8F04-FCB464B34979}.Release|Any CPU.Build.0 = Release|Any CPU
		{6E1C27D3-A8F4-4BF6-9C3E-A011DC62F482}.Debug|Any CPU.ActiveCfg = Debug|Any CPU
		{6E1C27D3-A8F4-4BF6-9C3E-A011DC62F482}.Debug|Any CPU.Build.0 = Debug|Any CPU
		{6E1C27D3-A8F4-4BF6-9C3E-A011DC62F482}.Release|Any CPU.ActiveCfg = Release|Any CPU
		{6E1C27D3-A8F4-4BF6-9C3E-A011DC62F482}.Release|Any CPU.Build.0 = Release|Any CPU
	EndGlobalSection
	GlobalSection(SolutionProperties) = preSolution
		HideSolutionNode = FALSE
	EndGlobalSection
	GlobalSection(ExtensibilityGlobals) = postSolution
		SolutionGuid = {464C86DC-096C-4762-AF3C-26E1E76068F5}
	EndGlobalSection
EndGlobal
